// !$*UTF8*$!
{
	archiveVersion = 1;
	classes = {
	};
	objectVersion = 56;
	objects = {

/* Begin PBXBuildFile section */
		041672FE2C00613A002BBB06 /* Color.swift in Sources */ = {isa = PBXBuildFile; fileRef = 047DF8FB2BF5D449006525EB /* Color.swift */; };
		041673002C006534002BBB06 /* StreakView.swift in Sources */ = {isa = PBXBuildFile; fileRef = 041672FF2C006534002BBB06 /* StreakView.swift */; };
		041673022C006546002BBB06 /* TreeView.swift in Sources */ = {isa = PBXBuildFile; fileRef = 041673012C006546002BBB06 /* TreeView.swift */; };
		042041532C0786A500BF995F /* BoardingScreen_1.swift in Sources */ = {isa = PBXBuildFile; fileRef = 042041522C0786A500BF995F /* BoardingScreen_1.swift */; };
		042041552C0786B900BF995F /* BoardingScreen_2.swift in Sources */ = {isa = PBXBuildFile; fileRef = 042041542C0786B900BF995F /* BoardingScreen_2.swift */; };
		042041572C0786D200BF995F /* BoardingScreen_3.swift in Sources */ = {isa = PBXBuildFile; fileRef = 042041562C0786D200BF995F /* BoardingScreen_3.swift */; };
		042041592C0786F800BF995F /* AlertView.swift in Sources */ = {isa = PBXBuildFile; fileRef = 042041582C0786F800BF995F /* AlertView.swift */; };
		0440C1F92BF61409007D74E0 /* SplashScreen.swift in Sources */ = {isa = PBXBuildFile; fileRef = 0440C1F82BF61409007D74E0 /* SplashScreen.swift */; };
		047DF8D32BF5D28C006525EB /* BloomSketchApp.swift in Sources */ = {isa = PBXBuildFile; fileRef = 047DF8D22BF5D28C006525EB /* BloomSketchApp.swift */; };
		047DF8D52BF5D28C006525EB /* ContentView.swift in Sources */ = {isa = PBXBuildFile; fileRef = 047DF8D42BF5D28C006525EB /* ContentView.swift */; };
		047DF8D72BF5D28E006525EB /* Assets.xcassets in Resources */ = {isa = PBXBuildFile; fileRef = 047DF8D62BF5D28E006525EB /* Assets.xcassets */; };
		047DF8DA2BF5D28E006525EB /* Preview Assets.xcassets in Resources */ = {isa = PBXBuildFile; fileRef = 047DF8D92BF5D28E006525EB /* Preview Assets.xcassets */; };
		047DF8F82BF5D418006525EB /* NewSprout_View.swift in Sources */ = {isa = PBXBuildFile; fileRef = 047DF8F72BF5D418006525EB /* NewSprout_View.swift */; };
		047DF8FC2BF5D449006525EB /* Color.swift in Sources */ = {isa = PBXBuildFile; fileRef = 047DF8FB2BF5D449006525EB /* Color.swift */; };
		04C89B552BF6E8F90024E261 /* WatchBloomSketchApp.swift in Sources */ = {isa = PBXBuildFile; fileRef = 04C89B542BF6E8F90024E261 /* WatchBloomSketchApp.swift */; };
		04C89B572BF6E8F90024E261 /* ContentView.swift in Sources */ = {isa = PBXBuildFile; fileRef = 04C89B562BF6E8F90024E261 /* ContentView.swift */; };
		04C89B592BF6E8FA0024E261 /* Assets.xcassets in Resources */ = {isa = PBXBuildFile; fileRef = 04C89B582BF6E8FA0024E261 /* Assets.xcassets */; };
		04C89B5C2BF6E8FA0024E261 /* Preview Assets.xcassets in Resources */ = {isa = PBXBuildFile; fileRef = 04C89B5B2BF6E8FA0024E261 /* Preview Assets.xcassets */; };
		04C89B5F2BF6E8FA0024E261 /* WatchBloomSketch Watch App.app in Embed Watch Content */ = {isa = PBXBuildFile; fileRef = 04C89B522BF6E8F90024E261 /* WatchBloomSketch Watch App.app */; settings = {ATTRIBUTES = (RemoveHeadersOnCopy, ); }; };
		04C89B692BF6ECB60024E261 /* PageControll.swift in Sources */ = {isa = PBXBuildFile; fileRef = 04C89B682BF6ECB60024E261 /* PageControll.swift */; };
		04C89B6C2BF702BE0024E261 /* NotificationController.swift in Sources */ = {isa = PBXBuildFile; fileRef = 04C89B6B2BF702BE0024E261 /* NotificationController.swift */; };
		04C89B6E2BF703900024E261 /* NotificationView.swift in Sources */ = {isa = PBXBuildFile; fileRef = 04C89B6D2BF703900024E261 /* NotificationView.swift */; };
/* End PBXBuildFile section */

/* Begin PBXContainerItemProxy section */
		04C89B5D2BF6E8FA0024E261 /* PBXContainerItemProxy */ = {
			isa = PBXContainerItemProxy;
			containerPortal = 047DF8C72BF5D28C006525EB /* Project object */;
			proxyType = 1;
			remoteGlobalIDString = 04C89B512BF6E8F90024E261;
			remoteInfo = "WatchBloomSketch Watch App";
		};
/* End PBXContainerItemProxy section */

/* Begin PBXCopyFilesBuildPhase section */
		04C89B602BF6E8FA0024E261 /* Embed Watch Content */ = {
			isa = PBXCopyFilesBuildPhase;
			buildActionMask = 2147483647;
			dstPath = "$(CONTENTS_FOLDER_PATH)/Watch";
			dstSubfolderSpec = 16;
			files = (
				04C89B5F2BF6E8FA0024E261 /* WatchBloomSketch Watch App.app in Embed Watch Content */,
			);
			name = "Embed Watch Content";
			runOnlyForDeploymentPostprocessing = 0;
		};
/* End PBXCopyFilesBuildPhase section */

/* Begin PBXFileReference section */
		041672FF2C006534002BBB06 /* StreakView.swift */ = {isa = PBXFileReference; lastKnownFileType = sourcecode.swift; path = StreakView.swift; sourceTree = "<group>"; };
		041673012C006546002BBB06 /* TreeView.swift */ = {isa = PBXFileReference; lastKnownFileType = sourcecode.swift; path = TreeView.swift; sourceTree = "<group>"; };
		042041522C0786A500BF995F /* BoardingScreen_1.swift */ = {isa = PBXFileReference; lastKnownFileType = sourcecode.swift; path = BoardingScreen_1.swift; sourceTree = "<group>"; };
		042041542C0786B900BF995F /* BoardingScreen_2.swift */ = {isa = PBXFileReference; lastKnownFileType = sourcecode.swift; path = BoardingScreen_2.swift; sourceTree = "<group>"; };
		042041562C0786D200BF995F /* BoardingScreen_3.swift */ = {isa = PBXFileReference; lastKnownFileType = sourcecode.swift; path = BoardingScreen_3.swift; sourceTree = "<group>"; };
		042041582C0786F800BF995F /* AlertView.swift */ = {isa = PBXFileReference; lastKnownFileType = sourcecode.swift; path = AlertView.swift; sourceTree = "<group>"; };
		0440C1F82BF61409007D74E0 /* SplashScreen.swift */ = {isa = PBXFileReference; lastKnownFileType = sourcecode.swift; path = SplashScreen.swift; sourceTree = "<group>"; };
		047DF8CF2BF5D28C006525EB /* BloomSketch.app */ = {isa = PBXFileReference; explicitFileType = wrapper.application; includeInIndex = 0; path = BloomSketch.app; sourceTree = BUILT_PRODUCTS_DIR; };
		047DF8D22BF5D28C006525EB /* BloomSketchApp.swift */ = {isa = PBXFileReference; lastKnownFileType = sourcecode.swift; path = BloomSketchApp.swift; sourceTree = "<group>"; };
		047DF8D42BF5D28C006525EB /* ContentView.swift */ = {isa = PBXFileReference; lastKnownFileType = sourcecode.swift; path = ContentView.swift; sourceTree = "<group>"; };
		047DF8D62BF5D28E006525EB /* Assets.xcassets */ = {isa = PBXFileReference; lastKnownFileType = folder.assetcatalog; path = Assets.xcassets; sourceTree = "<group>"; };
		047DF8D92BF5D28E006525EB /* Preview Assets.xcassets */ = {isa = PBXFileReference; lastKnownFileType = folder.assetcatalog; path = "Preview Assets.xcassets"; sourceTree = "<group>"; };
		047DF8E42BF5D2EA006525EB /* NewSproutView.app */ = {isa = PBXFileReference; explicitFileType = wrapper.application; includeInIndex = 0; path = NewSproutView.app; sourceTree = BUILT_PRODUCTS_DIR; };
		047DF8F72BF5D418006525EB /* NewSprout_View.swift */ = {isa = PBXFileReference; lastKnownFileType = sourcecode.swift; path = NewSprout_View.swift; sourceTree = "<group>"; };
		047DF8FB2BF5D449006525EB /* Color.swift */ = {isa = PBXFileReference; lastKnownFileType = sourcecode.swift; path = Color.swift; sourceTree = "<group>"; };
		04C89B522BF6E8F90024E261 /* WatchBloomSketch Watch App.app */ = {isa = PBXFileReference; explicitFileType = wrapper.application; includeInIndex = 0; path = "WatchBloomSketch Watch App.app"; sourceTree = BUILT_PRODUCTS_DIR; };
		04C89B542BF6E8F90024E261 /* WatchBloomSketchApp.swift */ = {isa = PBXFileReference; lastKnownFileType = sourcecode.swift; path = WatchBloomSketchApp.swift; sourceTree = "<group>"; };
		04C89B562BF6E8F90024E261 /* ContentView.swift */ = {isa = PBXFileReference; lastKnownFileType = sourcecode.swift; path = ContentView.swift; sourceTree = "<group>"; };
		04C89B582BF6E8FA0024E261 /* Assets.xcassets */ = {isa = PBXFileReference; lastKnownFileType = folder.assetcatalog; path = Assets.xcassets; sourceTree = "<group>"; };
		04C89B5B2BF6E8FA0024E261 /* Preview Assets.xcassets */ = {isa = PBXFileReference; lastKnownFileType = folder.assetcatalog; path = "Preview Assets.xcassets"; sourceTree = "<group>"; };
		04C89B652BF6EA2E0024E261 /* PushNotificationPayload.apns */ = {isa = PBXFileReference; lastKnownFileType = text; name = PushNotificationPayload.apns; path = ../../../../PushNotificationPayload.apns; sourceTree = "<group>"; };
		04C89B682BF6ECB60024E261 /* PageControll.swift */ = {isa = PBXFileReference; lastKnownFileType = sourcecode.swift; name = PageControll.swift; path = ../../../../PageControll.swift; sourceTree = "<group>"; };
		04C89B6B2BF702BE0024E261 /* NotificationController.swift */ = {isa = PBXFileReference; lastKnownFileType = sourcecode.swift; name = NotificationController.swift; path = ../../../../NotificationController.swift; sourceTree = "<group>"; };
		04C89B6D2BF703900024E261 /* NotificationView.swift */ = {isa = PBXFileReference; lastKnownFileType = sourcecode.swift; name = NotificationView.swift; path = ../../../../NotificationView.swift; sourceTree = "<group>"; };
/* End PBXFileReference section */

/* Begin PBXFrameworksBuildPhase section */
		047DF8CC2BF5D28C006525EB /* Frameworks */ = {
			isa = PBXFrameworksBuildPhase;
			buildActionMask = 2147483647;
			files = (
			);
			runOnlyForDeploymentPostprocessing = 0;
		};
		047DF8E12BF5D2EA006525EB /* Frameworks */ = {
			isa = PBXFrameworksBuildPhase;
			buildActionMask = 2147483647;
			files = (
			);
			runOnlyForDeploymentPostprocessing = 0;
		};
		04C89B4F2BF6E8F90024E261 /* Frameworks */ = {
			isa = PBXFrameworksBuildPhase;
			buildActionMask = 2147483647;
			files = (
			);
			runOnlyForDeploymentPostprocessing = 0;
		};
/* End PBXFrameworksBuildPhase section */

/* Begin PBXGroup section */
		047DF8C62BF5D28C006525EB = {
			isa = PBXGroup;
			children = (
				047DF8D12BF5D28C006525EB /* BloomSketch */,
				04C89B532BF6E8F90024E261 /* WatchBloomSketch Watch App */,
				047DF8D02BF5D28C006525EB /* Products */,
			);
			sourceTree = "<group>";
		};
		047DF8D02BF5D28C006525EB /* Products */ = {
			isa = PBXGroup;
			children = (
				047DF8CF2BF5D28C006525EB /* BloomSketch.app */,
				047DF8E42BF5D2EA006525EB /* NewSproutView.app */,
				04C89B522BF6E8F90024E261 /* WatchBloomSketch Watch App.app */,
			);
			name = Products;
			sourceTree = "<group>";
		};
		047DF8D12BF5D28C006525EB /* BloomSketch */ = {
			isa = PBXGroup;
			children = (
				047DF8D22BF5D28C006525EB /* BloomSketchApp.swift */,
				042041522C0786A500BF995F /* BoardingScreen_1.swift */,
				042041542C0786B900BF995F /* BoardingScreen_2.swift */,
				042041562C0786D200BF995F /* BoardingScreen_3.swift */,
				042041582C0786F800BF995F /* AlertView.swift */,
				047DF8F72BF5D418006525EB /* NewSprout_View.swift */,
				0440C1F82BF61409007D74E0 /* SplashScreen.swift */,
				047DF8D42BF5D28C006525EB /* ContentView.swift */,
				047DF8FB2BF5D449006525EB /* Color.swift */,
				047DF8D62BF5D28E006525EB /* Assets.xcassets */,
				047DF8D82BF5D28E006525EB /* Preview Content */,
			);
			path = BloomSketch;
			sourceTree = "<group>";
		};
		047DF8D82BF5D28E006525EB /* Preview Content */ = {
			isa = PBXGroup;
			children = (
				047DF8D92BF5D28E006525EB /* Preview Assets.xcassets */,
			);
			path = "Preview Content";
			sourceTree = "<group>";
		};
		04C89B532BF6E8F90024E261 /* WatchBloomSketch Watch App */ = {
			isa = PBXGroup;
			children = (
				04C89B542BF6E8F90024E261 /* WatchBloomSketchApp.swift */,
				04C89B682BF6ECB60024E261 /* PageControll.swift */,
				04C89B562BF6E8F90024E261 /* ContentView.swift */,
				041672FF2C006534002BBB06 /* StreakView.swift */,
				041673012C006546002BBB06 /* TreeView.swift */,
				04C89B582BF6E8FA0024E261 /* Assets.xcassets */,
				04C89B5A2BF6E8FA0024E261 /* Preview Content */,
				04C89B652BF6EA2E0024E261 /* PushNotificationPayload.apns */,
				04C89B6B2BF702BE0024E261 /* NotificationController.swift */,
				04C89B6D2BF703900024E261 /* NotificationView.swift */,
			);
			path = "WatchBloomSketch Watch App";
			sourceTree = "<group>";
		};
		04C89B5A2BF6E8FA0024E261 /* Preview Content */ = {
			isa = PBXGroup;
			children = (
				04C89B5B2BF6E8FA0024E261 /* Preview Assets.xcassets */,
			);
			path = "Preview Content";
			sourceTree = "<group>";
		};
/* End PBXGroup section */

/* Begin PBXNativeTarget section */
		047DF8CE2BF5D28C006525EB /* BloomSketch */ = {
			isa = PBXNativeTarget;
			buildConfigurationList = 047DF8DD2BF5D28E006525EB /* Build configuration list for PBXNativeTarget "BloomSketch" */;
			buildPhases = (
				047DF8CB2BF5D28C006525EB /* Sources */,
				047DF8CC2BF5D28C006525EB /* Frameworks */,
				047DF8CD2BF5D28C006525EB /* Resources */,
				04C89B602BF6E8FA0024E261 /* Embed Watch Content */,
			);
			buildRules = (
			);
			dependencies = (
				04C89B5E2BF6E8FA0024E261 /* PBXTargetDependency */,
			);
			name = BloomSketch;
			productName = BloomSketch;
			productReference = 047DF8CF2BF5D28C006525EB /* BloomSketch.app */;
			productType = "com.apple.product-type.application";
		};
		047DF8E32BF5D2EA006525EB /* NewSproutView */ = {
			isa = PBXNativeTarget;
			buildConfigurationList = 047DF8F02BF5D2EC006525EB /* Build configuration list for PBXNativeTarget "NewSproutView" */;
			buildPhases = (
				047DF8E02BF5D2EA006525EB /* Sources */,
				047DF8E12BF5D2EA006525EB /* Frameworks */,
				047DF8E22BF5D2EA006525EB /* Resources */,
			);
			buildRules = (
			);
			dependencies = (
			);
			name = NewSproutView;
			productName = NewSproutView;
			productReference = 047DF8E42BF5D2EA006525EB /* NewSproutView.app */;
			productType = "com.apple.product-type.application";
		};
		04C89B512BF6E8F90024E261 /* WatchBloomSketch Watch App */ = {
			isa = PBXNativeTarget;
			buildConfigurationList = 04C89B632BF6E8FA0024E261 /* Build configuration list for PBXNativeTarget "WatchBloomSketch Watch App" */;
			buildPhases = (
				04C89B4E2BF6E8F90024E261 /* Sources */,
				04C89B4F2BF6E8F90024E261 /* Frameworks */,
				04C89B502BF6E8F90024E261 /* Resources */,
			);
			buildRules = (
			);
			dependencies = (
			);
			name = "WatchBloomSketch Watch App";
			productName = "WatchBloomSketch Watch App";
			productReference = 04C89B522BF6E8F90024E261 /* WatchBloomSketch Watch App.app */;
			productType = "com.apple.product-type.application";
		};
/* End PBXNativeTarget section */

/* Begin PBXProject section */
		047DF8C72BF5D28C006525EB /* Project object */ = {
			isa = PBXProject;
			attributes = {
				BuildIndependentTargetsInParallel = 1;
				LastSwiftUpdateCheck = 1530;
				LastUpgradeCheck = 1530;
				TargetAttributes = {
					047DF8CE2BF5D28C006525EB = {
						CreatedOnToolsVersion = 15.3;
					};
					047DF8E32BF5D2EA006525EB = {
						CreatedOnToolsVersion = 15.3;
					};
					04C89B512BF6E8F90024E261 = {
						CreatedOnToolsVersion = 15.3;
					};
				};
			};
			buildConfigurationList = 047DF8CA2BF5D28C006525EB /* Build configuration list for PBXProject "BloomSketch" */;
			compatibilityVersion = "Xcode 14.0";
			developmentRegion = en;
			hasScannedForEncodings = 0;
			knownRegions = (
				en,
				Base,
			);
			mainGroup = 047DF8C62BF5D28C006525EB;
			productRefGroup = 047DF8D02BF5D28C006525EB /* Products */;
			projectDirPath = "";
			projectRoot = "";
			targets = (
				047DF8CE2BF5D28C006525EB /* BloomSketch */,
				047DF8E32BF5D2EA006525EB /* NewSproutView */,
				04C89B512BF6E8F90024E261 /* WatchBloomSketch Watch App */,
			);
		};
/* End PBXProject section */

/* Begin PBXResourcesBuildPhase section */
		047DF8CD2BF5D28C006525EB /* Resources */ = {
			isa = PBXResourcesBuildPhase;
			buildActionMask = 2147483647;
			files = (
				047DF8DA2BF5D28E006525EB /* Preview Assets.xcassets in Resources */,
				047DF8D72BF5D28E006525EB /* Assets.xcassets in Resources */,
			);
			runOnlyForDeploymentPostprocessing = 0;
		};
		047DF8E22BF5D2EA006525EB /* Resources */ = {
			isa = PBXResourcesBuildPhase;
			buildActionMask = 2147483647;
			files = (
			);
			runOnlyForDeploymentPostprocessing = 0;
		};
		04C89B502BF6E8F90024E261 /* Resources */ = {
			isa = PBXResourcesBuildPhase;
			buildActionMask = 2147483647;
			files = (
				04C89B5C2BF6E8FA0024E261 /* Preview Assets.xcassets in Resources */,
				04C89B592BF6E8FA0024E261 /* Assets.xcassets in Resources */,
			);
			runOnlyForDeploymentPostprocessing = 0;
		};
/* End PBXResourcesBuildPhase section */

/* Begin PBXSourcesBuildPhase section */
		047DF8CB2BF5D28C006525EB /* Sources */ = {
			isa = PBXSourcesBuildPhase;
			buildActionMask = 2147483647;
			files = (
				0440C1F92BF61409007D74E0 /* SplashScreen.swift in Sources */,
				042041572C0786D200BF995F /* BoardingScreen_3.swift in Sources */,
				042041592C0786F800BF995F /* AlertView.swift in Sources */,
				047DF8F82BF5D418006525EB /* NewSprout_View.swift in Sources */,
				047DF8D52BF5D28C006525EB /* ContentView.swift in Sources */,
				047DF8FC2BF5D449006525EB /* Color.swift in Sources */,
				047DF8D32BF5D28C006525EB /* BloomSketchApp.swift in Sources */,
				042041552C0786B900BF995F /* BoardingScreen_2.swift in Sources */,
				042041532C0786A500BF995F /* BoardingScreen_1.swift in Sources */,
			);
			runOnlyForDeploymentPostprocessing = 0;
		};
		047DF8E02BF5D2EA006525EB /* Sources */ = {
			isa = PBXSourcesBuildPhase;
			buildActionMask = 2147483647;
			files = (
			);
			runOnlyForDeploymentPostprocessing = 0;
		};
		04C89B4E2BF6E8F90024E261 /* Sources */ = {
			isa = PBXSourcesBuildPhase;
			buildActionMask = 2147483647;
			files = (
				04C89B692BF6ECB60024E261 /* PageControll.swift in Sources */,
				04C89B572BF6E8F90024E261 /* ContentView.swift in Sources */,
				04C89B6C2BF702BE0024E261 /* NotificationController.swift in Sources */,
				041673002C006534002BBB06 /* StreakView.swift in Sources */,
				041673022C006546002BBB06 /* TreeView.swift in Sources */,
				04C89B552BF6E8F90024E261 /* WatchBloomSketchApp.swift in Sources */,
				04C89B6E2BF703900024E261 /* NotificationView.swift in Sources */,
				041672FE2C00613A002BBB06 /* Color.swift in Sources */,
			);
			runOnlyForDeploymentPostprocessing = 0;
		};
/* End PBXSourcesBuildPhase section */

/* Begin PBXTargetDependency section */
		04C89B5E2BF6E8FA0024E261 /* PBXTargetDependency */ = {
			isa = PBXTargetDependency;
			target = 04C89B512BF6E8F90024E261 /* WatchBloomSketch Watch App */;
			targetProxy = 04C89B5D2BF6E8FA0024E261 /* PBXContainerItemProxy */;
		};
/* End PBXTargetDependency section */

/* Begin XCBuildConfiguration section */
		047DF8DB2BF5D28E006525EB /* Debug */ = {
			isa = XCBuildConfiguration;
			buildSettings = {
				ALWAYS_SEARCH_USER_PATHS = NO;
				ASSETCATALOG_COMPILER_GENERATE_SWIFT_ASSET_SYMBOL_EXTENSIONS = YES;
				CLANG_ANALYZER_NONNULL = YES;
				CLANG_ANALYZER_NUMBER_OBJECT_CONVERSION = YES_AGGRESSIVE;
				CLANG_CXX_LANGUAGE_STANDARD = "gnu++20";
				CLANG_ENABLE_MODULES = YES;
				CLANG_ENABLE_OBJC_ARC = YES;
				CLANG_ENABLE_OBJC_WEAK = YES;
				CLANG_WARN_BLOCK_CAPTURE_AUTORELEASING = YES;
				CLANG_WARN_BOOL_CONVERSION = YES;
				CLANG_WARN_COMMA = YES;
				CLANG_WARN_CONSTANT_CONVERSION = YES;
				CLANG_WARN_DEPRECATED_OBJC_IMPLEMENTATIONS = YES;
				CLANG_WARN_DIRECT_OBJC_ISA_USAGE = YES_ERROR;
				CLANG_WARN_DOCUMENTATION_COMMENTS = YES;
				CLANG_WARN_EMPTY_BODY = YES;
				CLANG_WARN_ENUM_CONVERSION = YES;
				CLANG_WARN_INFINITE_RECURSION = YES;
				CLANG_WARN_INT_CONVERSION = YES;
				CLANG_WARN_NON_LITERAL_NULL_CONVERSION = YES;
				CLANG_WARN_OBJC_IMPLICIT_RETAIN_SELF = YES;
				CLANG_WARN_OBJC_LITERAL_CONVERSION = YES;
				CLANG_WARN_OBJC_ROOT_CLASS = YES_ERROR;
				CLANG_WARN_QUOTED_INCLUDE_IN_FRAMEWORK_HEADER = YES;
				CLANG_WARN_RANGE_LOOP_ANALYSIS = YES;
				CLANG_WARN_STRICT_PROTOTYPES = YES;
				CLANG_WARN_SUSPICIOUS_MOVE = YES;
				CLANG_WARN_UNGUARDED_AVAILABILITY = YES_AGGRESSIVE;
				CLANG_WARN_UNREACHABLE_CODE = YES;
				CLANG_WARN__DUPLICATE_METHOD_MATCH = YES;
				COPY_PHASE_STRIP = NO;
				DEBUG_INFORMATION_FORMAT = dwarf;
				ENABLE_STRICT_OBJC_MSGSEND = YES;
				ENABLE_TESTABILITY = YES;
				ENABLE_USER_SCRIPT_SANDBOXING = YES;
				GCC_C_LANGUAGE_STANDARD = gnu17;
				GCC_DYNAMIC_NO_PIC = NO;
				GCC_NO_COMMON_BLOCKS = YES;
				GCC_OPTIMIZATION_LEVEL = 0;
				GCC_PREPROCESSOR_DEFINITIONS = (
					"DEBUG=1",
					"$(inherited)",
				);
				GCC_WARN_64_TO_32_BIT_CONVERSION = YES;
				GCC_WARN_ABOUT_RETURN_TYPE = YES_ERROR;
				GCC_WARN_UNDECLARED_SELECTOR = YES;
				GCC_WARN_UNINITIALIZED_AUTOS = YES_AGGRESSIVE;
				GCC_WARN_UNUSED_FUNCTION = YES;
				GCC_WARN_UNUSED_VARIABLE = YES;
				IPHONEOS_DEPLOYMENT_TARGET = 17.4;
				LOCALIZATION_PREFERS_STRING_CATALOGS = YES;
				MTL_ENABLE_DEBUG_INFO = INCLUDE_SOURCE;
				MTL_FAST_MATH = YES;
				ONLY_ACTIVE_ARCH = YES;
				SDKROOT = iphoneos;
				SWIFT_ACTIVE_COMPILATION_CONDITIONS = "DEBUG $(inherited)";
				SWIFT_OPTIMIZATION_LEVEL = "-Onone";
			};
			name = Debug;
		};
		047DF8DC2BF5D28E006525EB /* Release */ = {
			isa = XCBuildConfiguration;
			buildSettings = {
				ALWAYS_SEARCH_USER_PATHS = NO;
				ASSETCATALOG_COMPILER_GENERATE_SWIFT_ASSET_SYMBOL_EXTENSIONS = YES;
				CLANG_ANALYZER_NONNULL = YES;
				CLANG_ANALYZER_NUMBER_OBJECT_CONVERSION = YES_AGGRESSIVE;
				CLANG_CXX_LANGUAGE_STANDARD = "gnu++20";
				CLANG_ENABLE_MODULES = YES;
				CLANG_ENABLE_OBJC_ARC = YES;
				CLANG_ENABLE_OBJC_WEAK = YES;
				CLANG_WARN_BLOCK_CAPTURE_AUTORELEASING = YES;
				CLANG_WARN_BOOL_CONVERSION = YES;
				CLANG_WARN_COMMA = YES;
				CLANG_WARN_CONSTANT_CONVERSION = YES;
				CLANG_WARN_DEPRECATED_OBJC_IMPLEMENTATIONS = YES;
				CLANG_WARN_DIRECT_OBJC_ISA_USAGE = YES_ERROR;
				CLANG_WARN_DOCUMENTATION_COMMENTS = YES;
				CLANG_WARN_EMPTY_BODY = YES;
				CLANG_WARN_ENUM_CONVERSION = YES;
				CLANG_WARN_INFINITE_RECURSION = YES;
				CLANG_WARN_INT_CONVERSION = YES;
				CLANG_WARN_NON_LITERAL_NULL_CONVERSION = YES;
				CLANG_WARN_OBJC_IMPLICIT_RETAIN_SELF = YES;
				CLANG_WARN_OBJC_LITERAL_CONVERSION = YES;
				CLANG_WARN_OBJC_ROOT_CLASS = YES_ERROR;
				CLANG_WARN_QUOTED_INCLUDE_IN_FRAMEWORK_HEADER = YES;
				CLANG_WARN_RANGE_LOOP_ANALYSIS = YES;
				CLANG_WARN_STRICT_PROTOTYPES = YES;
				CLANG_WARN_SUSPICIOUS_MOVE = YES;
				CLANG_WARN_UNGUARDED_AVAILABILITY = YES_AGGRESSIVE;
				CLANG_WARN_UNREACHABLE_CODE = YES;
				CLANG_WARN__DUPLICATE_METHOD_MATCH = YES;
				COPY_PHASE_STRIP = NO;
				DEBUG_INFORMATION_FORMAT = "dwarf-with-dsym";
				ENABLE_NS_ASSERTIONS = NO;
				ENABLE_STRICT_OBJC_MSGSEND = YES;
				ENABLE_USER_SCRIPT_SANDBOXING = YES;
				GCC_C_LANGUAGE_STANDARD = gnu17;
				GCC_NO_COMMON_BLOCKS = YES;
				GCC_WARN_64_TO_32_BIT_CONVERSION = YES;
				GCC_WARN_ABOUT_RETURN_TYPE = YES_ERROR;
				GCC_WARN_UNDECLARED_SELECTOR = YES;
				GCC_WARN_UNINITIALIZED_AUTOS = YES_AGGRESSIVE;
				GCC_WARN_UNUSED_FUNCTION = YES;
				GCC_WARN_UNUSED_VARIABLE = YES;
				IPHONEOS_DEPLOYMENT_TARGET = 17.4;
				LOCALIZATION_PREFERS_STRING_CATALOGS = YES;
				MTL_ENABLE_DEBUG_INFO = NO;
				MTL_FAST_MATH = YES;
				SDKROOT = iphoneos;
				SWIFT_COMPILATION_MODE = wholemodule;
				VALIDATE_PRODUCT = YES;
			};
			name = Release;
		};
		047DF8DE2BF5D28E006525EB /* Debug */ = {
			isa = XCBuildConfiguration;
			buildSettings = {
				ALWAYS_EMBED_SWIFT_STANDARD_LIBRARIES = YES;
				ASSETCATALOG_COMPILER_APPICON_NAME = AppIcon;
				ASSETCATALOG_COMPILER_GLOBAL_ACCENT_COLOR_NAME = AccentColor;
				CODE_SIGN_STYLE = Automatic;
				CURRENT_PROJECT_VERSION = 1;
				DEVELOPMENT_ASSET_PATHS = "\"BloomSketch/Preview Content\"";
				ENABLE_PREVIEWS = YES;
				GENERATE_INFOPLIST_FILE = YES;
				INFOPLIST_KEY_UIApplicationSceneManifest_Generation = YES;
				INFOPLIST_KEY_UIApplicationSupportsIndirectInputEvents = YES;
				INFOPLIST_KEY_UILaunchScreen_Generation = YES;
				INFOPLIST_KEY_UISupportedInterfaceOrientations_iPad = "UIInterfaceOrientationPortrait UIInterfaceOrientationPortraitUpsideDown UIInterfaceOrientationLandscapeLeft UIInterfaceOrientationLandscapeRight";
				INFOPLIST_KEY_UISupportedInterfaceOrientations_iPhone = "UIInterfaceOrientationPortrait UIInterfaceOrientationLandscapeLeft UIInterfaceOrientationLandscapeRight";
				IPHONEOS_DEPLOYMENT_TARGET = 17.2;
				LD_RUNPATH_SEARCH_PATHS = (
					"$(inherited)",
					"@executable_path/Frameworks",
				);
				MARKETING_VERSION = 1.0;
				PRODUCT_BUNDLE_IDENTIFIER = BS.BloomSketch;
				PRODUCT_NAME = "$(TARGET_NAME)";
				SWIFT_EMIT_LOC_STRINGS = YES;
				SWIFT_VERSION = 5.0;
				TARGETED_DEVICE_FAMILY = "1,2";
			};
			name = Debug;
		};
		047DF8DF2BF5D28E006525EB /* Release */ = {
			isa = XCBuildConfiguration;
			buildSettings = {
				ALWAYS_EMBED_SWIFT_STANDARD_LIBRARIES = YES;
				ASSETCATALOG_COMPILER_APPICON_NAME = AppIcon;
				ASSETCATALOG_COMPILER_GLOBAL_ACCENT_COLOR_NAME = AccentColor;
				CODE_SIGN_STYLE = Automatic;
				CURRENT_PROJECT_VERSION = 1;
				DEVELOPMENT_ASSET_PATHS = "\"BloomSketch/Preview Content\"";
				ENABLE_PREVIEWS = YES;
				GENERATE_INFOPLIST_FILE = YES;
				INFOPLIST_KEY_UIApplicationSceneManifest_Generation = YES;
				INFOPLIST_KEY_UIApplicationSupportsIndirectInputEvents = YES;
				INFOPLIST_KEY_UILaunchScreen_Generation = YES;
				INFOPLIST_KEY_UISupportedInterfaceOrientations_iPad = "UIInterfaceOrientationPortrait UIInterfaceOrientationPortraitUpsideDown UIInterfaceOrientationLandscapeLeft UIInterfaceOrientationLandscapeRight";
				INFOPLIST_KEY_UISupportedInterfaceOrientations_iPhone = "UIInterfaceOrientationPortrait UIInterfaceOrientationLandscapeLeft UIInterfaceOrientationLandscapeRight";
				IPHONEOS_DEPLOYMENT_TARGET = 17.2;
				LD_RUNPATH_SEARCH_PATHS = (
					"$(inherited)",
					"@executable_path/Frameworks",
				);
				MARKETING_VERSION = 1.0;
				PRODUCT_BUNDLE_IDENTIFIER = BS.BloomSketch;
				PRODUCT_NAME = "$(TARGET_NAME)";
				SWIFT_EMIT_LOC_STRINGS = YES;
				SWIFT_VERSION = 5.0;
				TARGETED_DEVICE_FAMILY = "1,2";
			};
			name = Release;
		};
		047DF8F12BF5D2EC006525EB /* Debug */ = {
			isa = XCBuildConfiguration;
			buildSettings = {
				ASSETCATALOG_COMPILER_APPICON_NAME = AppIcon;
				ASSETCATALOG_COMPILER_GLOBAL_ACCENT_COLOR_NAME = AccentColor;
				CODE_SIGN_ENTITLEMENTS = NewSproutView/NewSproutView.entitlements;
				CODE_SIGN_STYLE = Automatic;
				CURRENT_PROJECT_VERSION = 1;
				DEVELOPMENT_ASSET_PATHS = "\"NewSproutView/Preview Content\"";
				ENABLE_PREVIEWS = YES;
				GENERATE_INFOPLIST_FILE = YES;
				"INFOPLIST_KEY_UIApplicationSceneManifest_Generation[sdk=iphoneos*]" = YES;
				"INFOPLIST_KEY_UIApplicationSceneManifest_Generation[sdk=iphonesimulator*]" = YES;
				"INFOPLIST_KEY_UIApplicationSupportsIndirectInputEvents[sdk=iphoneos*]" = YES;
				"INFOPLIST_KEY_UIApplicationSupportsIndirectInputEvents[sdk=iphonesimulator*]" = YES;
				"INFOPLIST_KEY_UILaunchScreen_Generation[sdk=iphoneos*]" = YES;
				"INFOPLIST_KEY_UILaunchScreen_Generation[sdk=iphonesimulator*]" = YES;
				"INFOPLIST_KEY_UIStatusBarStyle[sdk=iphoneos*]" = UIStatusBarStyleDefault;
				"INFOPLIST_KEY_UIStatusBarStyle[sdk=iphonesimulator*]" = UIStatusBarStyleDefault;
				INFOPLIST_KEY_UISupportedInterfaceOrientations_iPad = "UIInterfaceOrientationPortrait UIInterfaceOrientationPortraitUpsideDown UIInterfaceOrientationLandscapeLeft UIInterfaceOrientationLandscapeRight";
				INFOPLIST_KEY_UISupportedInterfaceOrientations_iPhone = "UIInterfaceOrientationPortrait UIInterfaceOrientationLandscapeLeft UIInterfaceOrientationLandscapeRight";
				IPHONEOS_DEPLOYMENT_TARGET = 17.4;
				LD_RUNPATH_SEARCH_PATHS = "@executable_path/Frameworks";
				"LD_RUNPATH_SEARCH_PATHS[sdk=macosx*]" = "@executable_path/../Frameworks";
				MACOSX_DEPLOYMENT_TARGET = 14.4;
				MARKETING_VERSION = 1.0;
				PRODUCT_BUNDLE_IDENTIFIER = BS.NewSproutView;
				PRODUCT_NAME = "$(TARGET_NAME)";
				SDKROOT = auto;
				SUPPORTED_PLATFORMS = "iphoneos iphonesimulator macosx";
				SWIFT_EMIT_LOC_STRINGS = YES;
				SWIFT_VERSION = 5.0;
				TARGETED_DEVICE_FAMILY = "1,2";
			};
			name = Debug;
		};
		047DF8F22BF5D2EC006525EB /* Release */ = {
			isa = XCBuildConfiguration;
			buildSettings = {
				ASSETCATALOG_COMPILER_APPICON_NAME = AppIcon;
				ASSETCATALOG_COMPILER_GLOBAL_ACCENT_COLOR_NAME = AccentColor;
				CODE_SIGN_ENTITLEMENTS = NewSproutView/NewSproutView.entitlements;
				CODE_SIGN_STYLE = Automatic;
				CURRENT_PROJECT_VERSION = 1;
				DEVELOPMENT_ASSET_PATHS = "\"NewSproutView/Preview Content\"";
				ENABLE_PREVIEWS = YES;
				GENERATE_INFOPLIST_FILE = YES;
				"INFOPLIST_KEY_UIApplicationSceneManifest_Generation[sdk=iphoneos*]" = YES;
				"INFOPLIST_KEY_UIApplicationSceneManifest_Generation[sdk=iphonesimulator*]" = YES;
				"INFOPLIST_KEY_UIApplicationSupportsIndirectInputEvents[sdk=iphoneos*]" = YES;
				"INFOPLIST_KEY_UIApplicationSupportsIndirectInputEvents[sdk=iphonesimulator*]" = YES;
				"INFOPLIST_KEY_UILaunchScreen_Generation[sdk=iphoneos*]" = YES;
				"INFOPLIST_KEY_UILaunchScreen_Generation[sdk=iphonesimulator*]" = YES;
				"INFOPLIST_KEY_UIStatusBarStyle[sdk=iphoneos*]" = UIStatusBarStyleDefault;
				"INFOPLIST_KEY_UIStatusBarStyle[sdk=iphonesimulator*]" = UIStatusBarStyleDefault;
				INFOPLIST_KEY_UISupportedInterfaceOrientations_iPad = "UIInterfaceOrientationPortrait UIInterfaceOrientationPortraitUpsideDown UIInterfaceOrientationLandscapeLeft UIInterfaceOrientationLandscapeRight";
				INFOPLIST_KEY_UISupportedInterfaceOrientations_iPhone = "UIInterfaceOrientationPortrait UIInterfaceOrientationLandscapeLeft UIInterfaceOrientationLandscapeRight";
				IPHONEOS_DEPLOYMENT_TARGET = 17.4;
				LD_RUNPATH_SEARCH_PATHS = "@executable_path/Frameworks";
				"LD_RUNPATH_SEARCH_PATHS[sdk=macosx*]" = "@executable_path/../Frameworks";
				MACOSX_DEPLOYMENT_TARGET = 14.4;
				MARKETING_VERSION = 1.0;
				PRODUCT_BUNDLE_IDENTIFIER = BS.NewSproutView;
				PRODUCT_NAME = "$(TARGET_NAME)";
				SDKROOT = auto;
				SUPPORTED_PLATFORMS = "iphoneos iphonesimulator macosx";
				SWIFT_EMIT_LOC_STRINGS = YES;
				SWIFT_VERSION = 5.0;
				TARGETED_DEVICE_FAMILY = "1,2";
			};
			name = Release;
		};
		04C89B612BF6E8FA0024E261 /* Debug */ = {
			isa = XCBuildConfiguration;
			buildSettings = {
				ASSETCATALOG_COMPILER_APPICON_NAME = AppIcon;
				ASSETCATALOG_COMPILER_GLOBAL_ACCENT_COLOR_NAME = AccentColor;
				CODE_SIGN_STYLE = Automatic;
				CURRENT_PROJECT_VERSION = 1;
				DEVELOPMENT_ASSET_PATHS = "\"WatchBloomSketch Watch App/Preview Content\"";
				ENABLE_PREVIEWS = YES;
				GENERATE_INFOPLIST_FILE = YES;
				INFOPLIST_KEY_CFBundleDisplayName = BloomSketch;
				INFOPLIST_KEY_UISupportedInterfaceOrientations = "UIInterfaceOrientationPortrait UIInterfaceOrientationPortraitUpsideDown";
				INFOPLIST_KEY_WKCompanionAppBundleIdentifier = BS.BloomSketch;
				LD_RUNPATH_SEARCH_PATHS = (
					"$(inherited)",
					"@executable_path/Frameworks",
				);
				MARKETING_VERSION = 1.0;
				PRODUCT_BUNDLE_IDENTIFIER = BS.BloomSketch.watchkitapp;
				PRODUCT_NAME = "$(TARGET_NAME)";
				SDKROOT = watchos;
				SKIP_INSTALL = YES;
				SWIFT_EMIT_LOC_STRINGS = YES;
				SWIFT_VERSION = 5.0;
				TARGETED_DEVICE_FAMILY = 4;
				WATCHOS_DEPLOYMENT_TARGET = 10.4;
			};
			name = Debug;
		};
		04C89B622BF6E8FA0024E261 /* Release */ = {
			isa = XCBuildConfiguration;
			buildSettings = {
				ASSETCATALOG_COMPILER_APPICON_NAME = AppIcon;
				ASSETCATALOG_COMPILER_GLOBAL_ACCENT_COLOR_NAME = AccentColor;
				CODE_SIGN_STYLE = Automatic;
				CURRENT_PROJECT_VERSION = 1;
				DEVELOPMENT_ASSET_PATHS = "\"WatchBloomSketch Watch App/Preview Content\"";
				ENABLE_PREVIEWS = YES;
				GENERATE_INFOPLIST_FILE = YES;
				INFOPLIST_KEY_CFBundleDisplayName = BloomSketch;
				INFOPLIST_KEY_UISupportedInterfaceOrientations = "UIInterfaceOrientationPortrait UIInterfaceOrientationPortraitUpsideDown";
				INFOPLIST_KEY_WKCompanionAppBundleIdentifier = BS.BloomSketch;
				LD_RUNPATH_SEARCH_PATHS = (
					"$(inherited)",
					"@executable_path/Frameworks",
				);
				MARKETING_VERSION = 1.0;
				PRODUCT_BUNDLE_IDENTIFIER = BS.BloomSketch.watchkitapp;
				PRODUCT_NAME = "$(TARGET_NAME)";
				SDKROOT = watchos;
				SKIP_INSTALL = YES;
				SWIFT_EMIT_LOC_STRINGS = YES;
				SWIFT_VERSION = 5.0;
				TARGETED_DEVICE_FAMILY = 4;
				WATCHOS_DEPLOYMENT_TARGET = 10.4;
			};
			name = Release;
		};
/* End XCBuildConfiguration section */

/* Begin XCConfigurationList section */
		047DF8CA2BF5D28C006525EB /* Build configuration list for PBXProject "BloomSketch" */ = {
			isa = XCConfigurationList;
			buildConfigurations = (
				047DF8DB2BF5D28E006525EB /* Debug */,
				047DF8DC2BF5D28E006525EB /* Release */,
			);
			defaultConfigurationIsVisible = 0;
			defaultConfigurationName = Release;
		};
		047DF8DD2BF5D28E006525EB /* Build configuration list for PBXNativeTarget "BloomSketch" */ = {
			isa = XCConfigurationList;
			buildConfigurations = (
				047DF8DE2BF5D28E006525EB /* Debug */,
				047DF8DF2BF5D28E006525EB /* Release */,
			);
			defaultConfigurationIsVisible = 0;
			defaultConfigurationName = Release;
		};
		047DF8F02BF5D2EC006525EB /* Build configuration list for PBXNativeTarget "NewSproutView" */ = {
			isa = XCConfigurationList;
			buildConfigurations = (
				047DF8F12BF5D2EC006525EB /* Debug */,
				047DF8F22BF5D2EC006525EB /* Release */,
			);
			defaultConfigurationIsVisible = 0;
			defaultConfigurationName = Release;
		};
		04C89B632BF6E8FA0024E261 /* Build configuration list for PBXNativeTarget "WatchBloomSketch Watch App" */ = {
			isa = XCConfigurationList;
			buildConfigurations = (
				04C89B612BF6E8FA0024E261 /* Debug */,
				04C89B622BF6E8FA0024E261 /* Release */,
			);
			defaultConfigurationIsVisible = 0;
			defaultConfigurationName = Release;
		};
/* End XCConfigurationList section */
	};
	rootObject = 047DF8C72BF5D28C006525EB /* Project object */;
}
